// !$*UTF8*$!
{
	archiveVersion = 1;
	classes = {
	};
	objectVersion = 56;
	objects = {

/* Begin PBXBuildFile section */
		65416ADA29D6121C0028AFA4 /* UserNotifications.framework in Frameworks */ = {isa = PBXBuildFile; fileRef = 65416AD929D6121C0028AFA4 /* UserNotifications.framework */; };
		65416ADC29D6169D0028AFA4 /* AppDelegate.swift in Sources */ = {isa = PBXBuildFile; fileRef = 65416ADB29D6169D0028AFA4 /* AppDelegate.swift */; };
		65416AE029D62A7B0028AFA4 /* InfoView.swift in Sources */ = {isa = PBXBuildFile; fileRef = 65416ADF29D62A7B0028AFA4 /* InfoView.swift */; };
		65723EFF29A7F8120031BCB9 /* Halo2App.swift in Sources */ = {isa = PBXBuildFile; fileRef = 65723EFE29A7F8120031BCB9 /* Halo2App.swift */; };
		65723F0129A7F8120031BCB9 /* ContentView.swift in Sources */ = {isa = PBXBuildFile; fileRef = 65723F0029A7F8120031BCB9 /* ContentView.swift */; };
		65723F0329A7F8130031BCB9 /* Assets.xcassets in Resources */ = {isa = PBXBuildFile; fileRef = 65723F0229A7F8130031BCB9 /* Assets.xcassets */; };
		65723F0629A7F8130031BCB9 /* Preview Assets.xcassets in Resources */ = {isa = PBXBuildFile; fileRef = 65723F0529A7F8130031BCB9 /* Preview Assets.xcassets */; };
		65723F1029A7F8130031BCB9 /* Halo2Tests.swift in Sources */ = {isa = PBXBuildFile; fileRef = 65723F0F29A7F8130031BCB9 /* Halo2Tests.swift */; };
		65723F1A29A7F8130031BCB9 /* Halo2UITests.swift in Sources */ = {isa = PBXBuildFile; fileRef = 65723F1929A7F8130031BCB9 /* Halo2UITests.swift */; };
		65723F1C29A7F8130031BCB9 /* Halo2UITestsLaunchTests.swift in Sources */ = {isa = PBXBuildFile; fileRef = 65723F1B29A7F8130031BCB9 /* Halo2UITestsLaunchTests.swift */; };
		65723F2929A7F85E0031BCB9 /* Bluetooth.swift in Sources */ = {isa = PBXBuildFile; fileRef = 65723F2829A7F85E0031BCB9 /* Bluetooth.swift */; };
		65723F2C29A7FBDF0031BCB9 /* IMG_1765.PNG in Resources */ = {isa = PBXBuildFile; fileRef = 65723F2B29A7FBDF0031BCB9 /* IMG_1765.PNG */; };
		65723F2E29A7FCF70031BCB9 /* Home.swift in Sources */ = {isa = PBXBuildFile; fileRef = 65723F2D29A7FCF70031BCB9 /* Home.swift */; };
/* End PBXBuildFile section */

/* Begin PBXContainerItemProxy section */
		65723F0C29A7F8130031BCB9 /* PBXContainerItemProxy */ = {
			isa = PBXContainerItemProxy;
			containerPortal = 65723EF329A7F8120031BCB9 /* Project object */;
			proxyType = 1;
			remoteGlobalIDString = 65723EFA29A7F8120031BCB9;
			remoteInfo = Halo2;
		};
		65723F1629A7F8130031BCB9 /* PBXContainerItemProxy */ = {
			isa = PBXContainerItemProxy;
			containerPortal = 65723EF329A7F8120031BCB9 /* Project object */;
			proxyType = 1;
			remoteGlobalIDString = 65723EFA29A7F8120031BCB9;
			remoteInfo = Halo2;
		};
/* End PBXContainerItemProxy section */

/* Begin PBXFileReference section */
		65416AD929D6121C0028AFA4 /* UserNotifications.framework */ = {isa = PBXFileReference; lastKnownFileType = wrapper.framework; name = UserNotifications.framework; path = System/Library/Frameworks/UserNotifications.framework; sourceTree = SDKROOT; };
		65416ADB29D6169D0028AFA4 /* AppDelegate.swift */ = {isa = PBXFileReference; lastKnownFileType = sourcecode.swift; path = AppDelegate.swift; sourceTree = "<group>"; };
		65416ADF29D62A7B0028AFA4 /* InfoView.swift */ = {isa = PBXFileReference; lastKnownFileType = sourcecode.swift; path = InfoView.swift; sourceTree = "<group>"; };
		65723EFB29A7F8120031BCB9 /* Halo2.app */ = {isa = PBXFileReference; explicitFileType = wrapper.application; includeInIndex = 0; path = Halo2.app; sourceTree = BUILT_PRODUCTS_DIR; };
		65723EFE29A7F8120031BCB9 /* Halo2App.swift */ = {isa = PBXFileReference; lastKnownFileType = sourcecode.swift; path = Halo2App.swift; sourceTree = "<group>"; };
		65723F0029A7F8120031BCB9 /* ContentView.swift */ = {isa = PBXFileReference; lastKnownFileType = sourcecode.swift; path = ContentView.swift; sourceTree = "<group>"; };
		65723F0229A7F8130031BCB9 /* Assets.xcassets */ = {isa = PBXFileReference; lastKnownFileType = folder.assetcatalog; path = Assets.xcassets; sourceTree = "<group>"; };
		65723F0529A7F8130031BCB9 /* Preview Assets.xcassets */ = {isa = PBXFileReference; lastKnownFileType = folder.assetcatalog; path = "Preview Assets.xcassets"; sourceTree = "<group>"; };
		65723F0B29A7F8130031BCB9 /* Halo2Tests.xctest */ = {isa = PBXFileReference; explicitFileType = wrapper.cfbundle; includeInIndex = 0; path = Halo2Tests.xctest; sourceTree = BUILT_PRODUCTS_DIR; };
		65723F0F29A7F8130031BCB9 /* Halo2Tests.swift */ = {isa = PBXFileReference; lastKnownFileType = sourcecode.swift; path = Halo2Tests.swift; sourceTree = "<group>"; };
		65723F1529A7F8130031BCB9 /* Halo2UITests.xctest */ = {isa = PBXFileReference; explicitFileType = wrapper.cfbundle; includeInIndex = 0; path = Halo2UITests.xctest; sourceTree = BUILT_PRODUCTS_DIR; };
		65723F1929A7F8130031BCB9 /* Halo2UITests.swift */ = {isa = PBXFileReference; lastKnownFileType = sourcecode.swift; path = Halo2UITests.swift; sourceTree = "<group>"; };
		65723F1B29A7F8130031BCB9 /* Halo2UITestsLaunchTests.swift */ = {isa = PBXFileReference; lastKnownFileType = sourcecode.swift; path = Halo2UITestsLaunchTests.swift; sourceTree = "<group>"; };
		65723F2829A7F85E0031BCB9 /* Bluetooth.swift */ = {isa = PBXFileReference; lastKnownFileType = sourcecode.swift; path = Bluetooth.swift; sourceTree = "<group>"; };
		65723F2A29A7FA400031BCB9 /* Info.plist */ = {isa = PBXFileReference; lastKnownFileType = text.plist; path = Info.plist; sourceTree = "<group>"; };
		65723F2B29A7FBDF0031BCB9 /* IMG_1765.PNG */ = {isa = PBXFileReference; lastKnownFileType = image.png; path = IMG_1765.PNG; sourceTree = SOURCE_ROOT; };
		65723F2D29A7FCF70031BCB9 /* Home.swift */ = {isa = PBXFileReference; lastKnownFileType = sourcecode.swift; path = Home.swift; sourceTree = "<group>"; };
/* End PBXFileReference section */

/* Begin PBXFrameworksBuildPhase section */
		65723EF829A7F8120031BCB9 /* Frameworks */ = {
			isa = PBXFrameworksBuildPhase;
			buildActionMask = 2147483647;
			files = (
				65416ADA29D6121C0028AFA4 /* UserNotifications.framework in Frameworks */,
			);
			runOnlyForDeploymentPostprocessing = 0;
		};
		65723F0829A7F8130031BCB9 /* Frameworks */ = {
			isa = PBXFrameworksBuildPhase;
			buildActionMask = 2147483647;
			files = (
			);
			runOnlyForDeploymentPostprocessing = 0;
		};
		65723F1229A7F8130031BCB9 /* Frameworks */ = {
			isa = PBXFrameworksBuildPhase;
			buildActionMask = 2147483647;
			files = (
			);
			runOnlyForDeploymentPostprocessing = 0;
		};
/* End PBXFrameworksBuildPhase section */

/* Begin PBXGroup section */
		65416AD829D6121B0028AFA4 /* Frameworks */ = {
			isa = PBXGroup;
			children = (
				65416AD929D6121C0028AFA4 /* UserNotifications.framework */,
			);
			name = Frameworks;
			sourceTree = "<group>";
		};
		65723EF229A7F8120031BCB9 = {
			isa = PBXGroup;
			children = (
				65723EFD29A7F8120031BCB9 /* Halo2 */,
				65723F0E29A7F8130031BCB9 /* Halo2Tests */,
				65723F1829A7F8130031BCB9 /* Halo2UITests */,
				65723EFC29A7F8120031BCB9 /* Products */,
				65416AD829D6121B0028AFA4 /* Frameworks */,
			);
			sourceTree = "<group>";
		};
		65723EFC29A7F8120031BCB9 /* Products */ = {
			isa = PBXGroup;
			children = (
				65723EFB29A7F8120031BCB9 /* Halo2.app */,
				65723F0B29A7F8130031BCB9 /* Halo2Tests.xctest */,
				65723F1529A7F8130031BCB9 /* Halo2UITests.xctest */,
			);
			name = Products;
			sourceTree = "<group>";
		};
		65723EFD29A7F8120031BCB9 /* Halo2 */ = {
			isa = PBXGroup;
			children = (
				65723F2B29A7FBDF0031BCB9 /* IMG_1765.PNG */,
				65723F2A29A7FA400031BCB9 /* Info.plist */,
				65723F2D29A7FCF70031BCB9 /* Home.swift */,
				65723EFE29A7F8120031BCB9 /* Halo2App.swift */,
				65416ADF29D62A7B0028AFA4 /* InfoView.swift */,
				65723F0029A7F8120031BCB9 /* ContentView.swift */,
				65723F2829A7F85E0031BCB9 /* Bluetooth.swift */,
				65416ADB29D6169D0028AFA4 /* AppDelegate.swift */,
				65723F0229A7F8130031BCB9 /* Assets.xcassets */,
				65723F0429A7F8130031BCB9 /* Preview Content */,
			);
			path = Halo2;
			sourceTree = "<group>";
		};
		65723F0429A7F8130031BCB9 /* Preview Content */ = {
			isa = PBXGroup;
			children = (
				65723F0529A7F8130031BCB9 /* Preview Assets.xcassets */,
			);
			path = "Preview Content";
			sourceTree = "<group>";
		};
		65723F0E29A7F8130031BCB9 /* Halo2Tests */ = {
			isa = PBXGroup;
			children = (
				65723F0F29A7F8130031BCB9 /* Halo2Tests.swift */,
			);
			path = Halo2Tests;
			sourceTree = "<group>";
		};
		65723F1829A7F8130031BCB9 /* Halo2UITests */ = {
			isa = PBXGroup;
			children = (
				65723F1929A7F8130031BCB9 /* Halo2UITests.swift */,
				65723F1B29A7F8130031BCB9 /* Halo2UITestsLaunchTests.swift */,
			);
			path = Halo2UITests;
			sourceTree = "<group>";
		};
/* End PBXGroup section */

/* Begin PBXNativeTarget section */
		65723EFA29A7F8120031BCB9 /* Halo2 */ = {
			isa = PBXNativeTarget;
			buildConfigurationList = 65723F1F29A7F8130031BCB9 /* Build configuration list for PBXNativeTarget "Halo2" */;
			buildPhases = (
				65723EF729A7F8120031BCB9 /* Sources */,
				65723EF829A7F8120031BCB9 /* Frameworks */,
				65723EF929A7F8120031BCB9 /* Resources */,
			);
			buildRules = (
			);
			dependencies = (
			);
			name = Halo2;
			productName = Halo2;
			productReference = 65723EFB29A7F8120031BCB9 /* Halo2.app */;
			productType = "com.apple.product-type.application";
		};
		65723F0A29A7F8130031BCB9 /* Halo2Tests */ = {
			isa = PBXNativeTarget;
			buildConfigurationList = 65723F2229A7F8130031BCB9 /* Build configuration list for PBXNativeTarget "Halo2Tests" */;
			buildPhases = (
				65723F0729A7F8130031BCB9 /* Sources */,
				65723F0829A7F8130031BCB9 /* Frameworks */,
				65723F0929A7F8130031BCB9 /* Resources */,
			);
			buildRules = (
			);
			dependencies = (
				65723F0D29A7F8130031BCB9 /* PBXTargetDependency */,
			);
			name = Halo2Tests;
			productName = Halo2Tests;
			productReference = 65723F0B29A7F8130031BCB9 /* Halo2Tests.xctest */;
			productType = "com.apple.product-type.bundle.unit-test";
		};
		65723F1429A7F8130031BCB9 /* Halo2UITests */ = {
			isa = PBXNativeTarget;
			buildConfigurationList = 65723F2529A7F8130031BCB9 /* Build configuration list for PBXNativeTarget "Halo2UITests" */;
			buildPhases = (
				65723F1129A7F8130031BCB9 /* Sources */,
				65723F1229A7F8130031BCB9 /* Frameworks */,
				65723F1329A7F8130031BCB9 /* Resources */,
			);
			buildRules = (
			);
			dependencies = (
				65723F1729A7F8130031BCB9 /* PBXTargetDependency */,
			);
			name = Halo2UITests;
			productName = Halo2UITests;
			productReference = 65723F1529A7F8130031BCB9 /* Halo2UITests.xctest */;
			productType = "com.apple.product-type.bundle.ui-testing";
		};
/* End PBXNativeTarget section */

/* Begin PBXProject section */
		65723EF329A7F8120031BCB9 /* Project object */ = {
			isa = PBXProject;
			attributes = {
				BuildIndependentTargetsInParallel = 1;
				LastSwiftUpdateCheck = 1420;
				LastUpgradeCheck = 1420;
				TargetAttributes = {
					65723EFA29A7F8120031BCB9 = {
						CreatedOnToolsVersion = 14.2;
					};
					65723F0A29A7F8130031BCB9 = {
						CreatedOnToolsVersion = 14.2;
						TestTargetID = 65723EFA29A7F8120031BCB9;
					};
					65723F1429A7F8130031BCB9 = {
						CreatedOnToolsVersion = 14.2;
						TestTargetID = 65723EFA29A7F8120031BCB9;
					};
				};
			};
			buildConfigurationList = 65723EF629A7F8120031BCB9 /* Build configuration list for PBXProject "Halo2" */;
			compatibilityVersion = "Xcode 14.0";
			developmentRegion = en;
			hasScannedForEncodings = 0;
			knownRegions = (
				en,
				Base,
			);
			mainGroup = 65723EF229A7F8120031BCB9;
			productRefGroup = 65723EFC29A7F8120031BCB9 /* Products */;
			projectDirPath = "";
			projectRoot = "";
			targets = (
				65723EFA29A7F8120031BCB9 /* Halo2 */,
				65723F0A29A7F8130031BCB9 /* Halo2Tests */,
				65723F1429A7F8130031BCB9 /* Halo2UITests */,
			);
		};
/* End PBXProject section */

/* Begin PBXResourcesBuildPhase section */
		65723EF929A7F8120031BCB9 /* Resources */ = {
			isa = PBXResourcesBuildPhase;
			buildActionMask = 2147483647;
			files = (
				65723F0629A7F8130031BCB9 /* Preview Assets.xcassets in Resources */,
				65723F2C29A7FBDF0031BCB9 /* IMG_1765.PNG in Resources */,
				65723F0329A7F8130031BCB9 /* Assets.xcassets in Resources */,
			);
			runOnlyForDeploymentPostprocessing = 0;
		};
		65723F0929A7F8130031BCB9 /* Resources */ = {
			isa = PBXResourcesBuildPhase;
			buildActionMask = 2147483647;
			files = (
			);
			runOnlyForDeploymentPostprocessing = 0;
		};
		65723F1329A7F8130031BCB9 /* Resources */ = {
			isa = PBXResourcesBuildPhase;
			buildActionMask = 2147483647;
			files = (
			);
			runOnlyForDeploymentPostprocessing = 0;
		};
/* End PBXResourcesBuildPhase section */

/* Begin PBXSourcesBuildPhase section */
		65723EF729A7F8120031BCB9 /* Sources */ = {
			isa = PBXSourcesBuildPhase;
			buildActionMask = 2147483647;
			files = (
				65723F0129A7F8120031BCB9 /* ContentView.swift in Sources */,
				65723F2929A7F85E0031BCB9 /* Bluetooth.swift in Sources */,
				65723F2E29A7FCF70031BCB9 /* Home.swift in Sources */,
				65416ADC29D6169D0028AFA4 /* AppDelegate.swift in Sources */,
				65416AE029D62A7B0028AFA4 /* InfoView.swift in Sources */,
				65723EFF29A7F8120031BCB9 /* Halo2App.swift in Sources */,
			);
			runOnlyForDeploymentPostprocessing = 0;
		};
		65723F0729A7F8130031BCB9 /* Sources */ = {
			isa = PBXSourcesBuildPhase;
			buildActionMask = 2147483647;
			files = (
				65723F1029A7F8130031BCB9 /* Halo2Tests.swift in Sources */,
			);
			runOnlyForDeploymentPostprocessing = 0;
		};
		65723F1129A7F8130031BCB9 /* Sources */ = {
			isa = PBXSourcesBuildPhase;
			buildActionMask = 2147483647;
			files = (
				65723F1A29A7F8130031BCB9 /* Halo2UITests.swift in Sources */,
				65723F1C29A7F8130031BCB9 /* Halo2UITestsLaunchTests.swift in Sources */,
			);
			runOnlyForDeploymentPostprocessing = 0;
		};
/* End PBXSourcesBuildPhase section */

/* Begin PBXTargetDependency section */
		65723F0D29A7F8130031BCB9 /* PBXTargetDependency */ = {
			isa = PBXTargetDependency;
			target = 65723EFA29A7F8120031BCB9 /* Halo2 */;
			targetProxy = 65723F0C29A7F8130031BCB9 /* PBXContainerItemProxy */;
		};
		65723F1729A7F8130031BCB9 /* PBXTargetDependency */ = {
			isa = PBXTargetDependency;
			target = 65723EFA29A7F8120031BCB9 /* Halo2 */;
			targetProxy = 65723F1629A7F8130031BCB9 /* PBXContainerItemProxy */;
		};
/* End PBXTargetDependency section */

/* Begin XCBuildConfiguration section */
		65723F1D29A7F8130031BCB9 /* Debug */ = {
			isa = XCBuildConfiguration;
			buildSettings = {
				ALWAYS_SEARCH_USER_PATHS = NO;
				CLANG_ANALYZER_NONNULL = YES;
				CLANG_ANALYZER_NUMBER_OBJECT_CONVERSION = YES_AGGRESSIVE;
				CLANG_CXX_LANGUAGE_STANDARD = "gnu++20";
				CLANG_ENABLE_MODULES = YES;
				CLANG_ENABLE_OBJC_ARC = YES;
				CLANG_ENABLE_OBJC_WEAK = YES;
				CLANG_WARN_BLOCK_CAPTURE_AUTORELEASING = YES;
				CLANG_WARN_BOOL_CONVERSION = YES;
				CLANG_WARN_COMMA = YES;
				CLANG_WARN_CONSTANT_CONVERSION = YES;
				CLANG_WARN_DEPRECATED_OBJC_IMPLEMENTATIONS = YES;
				CLANG_WARN_DIRECT_OBJC_ISA_USAGE = YES_ERROR;
				CLANG_WARN_DOCUMENTATION_COMMENTS = YES;
				CLANG_WARN_EMPTY_BODY = YES;
				CLANG_WARN_ENUM_CONVERSION = YES;
				CLANG_WARN_INFINITE_RECURSION = YES;
				CLANG_WARN_INT_CONVERSION = YES;
				CLANG_WARN_NON_LITERAL_NULL_CONVERSION = YES;
				CLANG_WARN_OBJC_IMPLICIT_RETAIN_SELF = YES;
				CLANG_WARN_OBJC_LITERAL_CONVERSION = YES;
				CLANG_WARN_OBJC_ROOT_CLASS = YES_ERROR;
				CLANG_WARN_QUOTED_INCLUDE_IN_FRAMEWORK_HEADER = YES;
				CLANG_WARN_RANGE_LOOP_ANALYSIS = YES;
				CLANG_WARN_STRICT_PROTOTYPES = YES;
				CLANG_WARN_SUSPICIOUS_MOVE = YES;
				CLANG_WARN_UNGUARDED_AVAILABILITY = YES_AGGRESSIVE;
				CLANG_WARN_UNREACHABLE_CODE = YES;
				CLANG_WARN__DUPLICATE_METHOD_MATCH = YES;
				COPY_PHASE_STRIP = NO;
				DEBUG_INFORMATION_FORMAT = dwarf;
				ENABLE_STRICT_OBJC_MSGSEND = YES;
				ENABLE_TESTABILITY = YES;
				GCC_C_LANGUAGE_STANDARD = gnu11;
				GCC_DYNAMIC_NO_PIC = NO;
				GCC_NO_COMMON_BLOCKS = YES;
				GCC_OPTIMIZATION_LEVEL = 0;
				GCC_PREPROCESSOR_DEFINITIONS = (
					"DEBUG=1",
					"$(inherited)",
				);
				GCC_WARN_64_TO_32_BIT_CONVERSION = YES;
				GCC_WARN_ABOUT_RETURN_TYPE = YES_ERROR;
				GCC_WARN_UNDECLARED_SELECTOR = YES;
				GCC_WARN_UNINITIALIZED_AUTOS = YES_AGGRESSIVE;
				GCC_WARN_UNUSED_FUNCTION = YES;
				GCC_WARN_UNUSED_VARIABLE = YES;
				IPHONEOS_DEPLOYMENT_TARGET = 16.2;
				MTL_ENABLE_DEBUG_INFO = INCLUDE_SOURCE;
				MTL_FAST_MATH = YES;
				ONLY_ACTIVE_ARCH = YES;
				SDKROOT = iphoneos;
				SWIFT_ACTIVE_COMPILATION_CONDITIONS = DEBUG;
				SWIFT_OPTIMIZATION_LEVEL = "-Onone";
			};
			name = Debug;
		};
		65723F1E29A7F8130031BCB9 /* Release */ = {
			isa = XCBuildConfiguration;
			buildSettings = {
				ALWAYS_SEARCH_USER_PATHS = NO;
				CLANG_ANALYZER_NONNULL = YES;
				CLANG_ANALYZER_NUMBER_OBJECT_CONVERSION = YES_AGGRESSIVE;
				CLANG_CXX_LANGUAGE_STANDARD = "gnu++20";
				CLANG_ENABLE_MODULES = YES;
				CLANG_ENABLE_OBJC_ARC = YES;
				CLANG_ENABLE_OBJC_WEAK = YES;
				CLANG_WARN_BLOCK_CAPTURE_AUTORELEASING = YES;
				CLANG_WARN_BOOL_CONVERSION = YES;
				CLANG_WARN_COMMA = YES;
				CLANG_WARN_CONSTANT_CONVERSION = YES;
				CLANG_WARN_DEPRECATED_OBJC_IMPLEMENTATIONS = YES;
				CLANG_WARN_DIRECT_OBJC_ISA_USAGE = YES_ERROR;
				CLANG_WARN_DOCUMENTATION_COMMENTS = YES;
				CLANG_WARN_EMPTY_BODY = YES;
				CLANG_WARN_ENUM_CONVERSION = YES;
				CLANG_WARN_INFINITE_RECURSION = YES;
				CLANG_WARN_INT_CONVERSION = YES;
				CLANG_WARN_NON_LITERAL_NULL_CONVERSION = YES;
				CLANG_WARN_OBJC_IMPLICIT_RETAIN_SELF = YES;
				CLANG_WARN_OBJC_LITERAL_CONVERSION = YES;
				CLANG_WARN_OBJC_ROOT_CLASS = YES_ERROR;
				CLANG_WARN_QUOTED_INCLUDE_IN_FRAMEWORK_HEADER = YES;
				CLANG_WARN_RANGE_LOOP_ANALYSIS = YES;
				CLANG_WARN_STRICT_PROTOTYPES = YES;
				CLANG_WARN_SUSPICIOUS_MOVE = YES;
				CLANG_WARN_UNGUARDED_AVAILABILITY = YES_AGGRESSIVE;
				CLANG_WARN_UNREACHABLE_CODE = YES;
				CLANG_WARN__DUPLICATE_METHOD_MATCH = YES;
				COPY_PHASE_STRIP = NO;
				DEBUG_INFORMATION_FORMAT = "dwarf-with-dsym";
				ENABLE_NS_ASSERTIONS = NO;
				ENABLE_STRICT_OBJC_MSGSEND = YES;
				GCC_C_LANGUAGE_STANDARD = gnu11;
				GCC_NO_COMMON_BLOCKS = YES;
				GCC_WARN_64_TO_32_BIT_CONVERSION = YES;
				GCC_WARN_ABOUT_RETURN_TYPE = YES_ERROR;
				GCC_WARN_UNDECLARED_SELECTOR = YES;
				GCC_WARN_UNINITIALIZED_AUTOS = YES_AGGRESSIVE;
				GCC_WARN_UNUSED_FUNCTION = YES;
				GCC_WARN_UNUSED_VARIABLE = YES;
				IPHONEOS_DEPLOYMENT_TARGET = 16.2;
				MTL_ENABLE_DEBUG_INFO = NO;
				MTL_FAST_MATH = YES;
				SDKROOT = iphoneos;
				SWIFT_COMPILATION_MODE = wholemodule;
				SWIFT_OPTIMIZATION_LEVEL = "-O";
				VALIDATE_PRODUCT = YES;
			};
			name = Release;
		};
		65723F2029A7F8130031BCB9 /* Debug */ = {
			isa = XCBuildConfiguration;
			buildSettings = {
				ASSETCATALOG_COMPILER_APPICON_NAME = AppIcon;
				ASSETCATALOG_COMPILER_GLOBAL_ACCENT_COLOR_NAME = AccentColor;
				CODE_SIGN_STYLE = Automatic;
				CURRENT_PROJECT_VERSION = 1;
				DEVELOPMENT_ASSET_PATHS = "\"Halo2/Preview Content\"";
				DEVELOPMENT_TEAM = TL34K4C22X;
				ENABLE_PREVIEWS = YES;
				GENERATE_INFOPLIST_FILE = YES;
				INFOPLIST_FILE = Halo2/Info.plist;
				INFOPLIST_KEY_NSBluetoothAlwaysUsageDescription = "";
				INFOPLIST_KEY_UIApplicationSceneManifest_Generation = YES;
				INFOPLIST_KEY_UIApplicationSupportsIndirectInputEvents = YES;
				INFOPLIST_KEY_UILaunchScreen_Generation = YES;
				INFOPLIST_KEY_UISupportedInterfaceOrientations_iPad = "UIInterfaceOrientationPortrait UIInterfaceOrientationPortraitUpsideDown UIInterfaceOrientationLandscapeLeft UIInterfaceOrientationLandscapeRight";
				IPHONEOS_DEPLOYMENT_TARGET = 14.0;
				LD_RUNPATH_SEARCH_PATHS = (
					"$(inherited)",
					"@executable_path/Frameworks",
				);
				MARKETING_VERSION = 1.0;
				PRODUCT_BUNDLE_IDENTIFIER = Halo.Halo2;
				PRODUCT_NAME = "$(TARGET_NAME)";
				SWIFT_EMIT_LOC_STRINGS = YES;
				SWIFT_VERSION = 5.0;
				TARGETED_DEVICE_FAMILY = "1,2";
			};
			name = Debug;
		};
		65723F2129A7F8130031BCB9 /* Release */ = {
			isa = XCBuildConfiguration;
			buildSettings = {
				ASSETCATALOG_COMPILER_APPICON_NAME = AppIcon;
				ASSETCATALOG_COMPILER_GLOBAL_ACCENT_COLOR_NAME = AccentColor;
				CODE_SIGN_STYLE = Automatic;
				CURRENT_PROJECT_VERSION = 1;
				DEVELOPMENT_ASSET_PATHS = "\"Halo2/Preview Content\"";
				DEVELOPMENT_TEAM = TL34K4C22X;
				ENABLE_PREVIEWS = YES;
				GENERATE_INFOPLIST_FILE = YES;
				INFOPLIST_FILE = Halo2/Info.plist;
				INFOPLIST_KEY_NSBluetoothAlwaysUsageDescription = "";
				INFOPLIST_KEY_UIApplicationSceneManifest_Generation = YES;
				INFOPLIST_KEY_UIApplicationSupportsIndirectInputEvents = YES;
				INFOPLIST_KEY_UILaunchScreen_Generation = YES;
				INFOPLIST_KEY_UISupportedInterfaceOrientations_iPad = "UIInterfaceOrientationPortrait UIInterfaceOrientationPortraitUpsideDown UIInterfaceOrientationLandscapeLeft UIInterfaceOrientationLandscapeRight";
				IPHONEOS_DEPLOYMENT_TARGET = 14.0;
				LD_RUNPATH_SEARCH_PATHS = (
					"$(inherited)",
					"@executable_path/Frameworks",
				);
				MARKETING_VERSION = 1.0;
				PRODUCT_BUNDLE_IDENTIFIER = Halo.Halo2;
				PRODUCT_NAME = "$(TARGET_NAME)";
				SWIFT_EMIT_LOC_STRINGS = YES;
				SWIFT_VERSION = 5.0;
				TARGETED_DEVICE_FAMILY = "1,2";
			};
			name = Release;
		};
		65723F2329A7F8130031BCB9 /* Debug */ = {
			isa = XCBuildConfiguration;
			buildSettings = {
				ALWAYS_EMBED_SWIFT_STANDARD_LIBRARIES = YES;
				BUNDLE_LOADER = "$(TEST_HOST)";
				CODE_SIGN_STYLE = Automatic;
				CURRENT_PROJECT_VERSION = 1;
				GENERATE_INFOPLIST_FILE = YES;
				IPHONEOS_DEPLOYMENT_TARGET = 16.2;
				MARKETING_VERSION = 1.0;
				PRODUCT_BUNDLE_IDENTIFIER = Halo.Halo2Tests;
				PRODUCT_NAME = "$(TARGET_NAME)";
				SWIFT_EMIT_LOC_STRINGS = NO;
				SWIFT_VERSION = 5.0;
				TARGETED_DEVICE_FAMILY = "1,2";
				TEST_HOST = "$(BUILT_PRODUCTS_DIR)/Halo2.app/$(BUNDLE_EXECUTABLE_FOLDER_PATH)/Halo2";
			};
			name = Debug;
		};
		65723F2429A7F8130031BCB9 /* Release */ = {
			isa = XCBuildConfiguration;
			buildSettings = {
				ALWAYS_EMBED_SWIFT_STANDARD_LIBRARIES = YES;
				BUNDLE_LOADER = "$(TEST_HOST)";
				CODE_SIGN_STYLE = Automatic;
				CURRENT_PROJECT_VERSION = 1;
				GENERATE_INFOPLIST_FILE = YES;
				IPHONEOS_DEPLOYMENT_TARGET = 16.2;
				MARKETING_VERSION = 1.0;
				PRODUCT_BUNDLE_IDENTIFIER = Halo.Halo2Tests;
				PRODUCT_NAME = "$(TARGET_NAME)";
				SWIFT_EMIT_LOC_STRINGS = NO;
				SWIFT_VERSION = 5.0;
				TARGETED_DEVICE_FAMILY = "1,2";
				TEST_HOST = "$(BUILT_PRODUCTS_DIR)/Halo2.app/$(BUNDLE_EXECUTABLE_FOLDER_PATH)/Halo2";
			};
			name = Release;
		};
		65723F2629A7F8130031BCB9 /* Debug */ = {
			isa = XCBuildConfiguration;
			buildSettings = {
				ALWAYS_EMBED_SWIFT_STANDARD_LIBRARIES = YES;
				CODE_SIGN_STYLE = Automatic;
				CURRENT_PROJECT_VERSION = 1;
				GENERATE_INFOPLIST_FILE = YES;
				MARKETING_VERSION = 1.0;
				PRODUCT_BUNDLE_IDENTIFIER = Halo.Halo2UITests;
				PRODUCT_NAME = "$(TARGET_NAME)";
				SWIFT_EMIT_LOC_STRINGS = NO;
				SWIFT_VERSION = 5.0;
				TARGETED_DEVICE_FAMILY = "1,2";
				TEST_TARGET_NAME = Halo2;
			};
			name = Debug;
		};
		65723F2729A7F8130031BCB9 /* Release */ = {
			isa = XCBuildConfiguration;
			buildSettings = {
				ALWAYS_EMBED_SWIFT_STANDARD_LIBRARIES = YES;
				CODE_SIGN_STYLE = Automatic;
				CURRENT_PROJECT_VERSION = 1;
				GENERATE_INFOPLIST_FILE = YES;
				MARKETING_VERSION = 1.0;
				PRODUCT_BUNDLE_IDENTIFIER = Halo.Halo2UITests;
				PRODUCT_NAME = "$(TARGET_NAME)";
				SWIFT_EMIT_LOC_STRINGS = NO;
				SWIFT_VERSION = 5.0;
				TARGETED_DEVICE_FAMILY = "1,2";
				TEST_TARGET_NAME = Halo2;
			};
			name = Release;
		};
/* End XCBuildConfiguration section */

/* Begin XCConfigurationList section */
		65723EF629A7F8120031BCB9 /* Build configuration list for PBXProject "Halo2" */ = {
			isa = XCConfigurationList;
			buildConfigurations = (
				65723F1D29A7F8130031BCB9 /* Debug */,
				65723F1E29A7F8130031BCB9 /* Release */,
			);
			defaultConfigurationIsVisible = 0;
			defaultConfigurationName = Release;
		};
		65723F1F29A7F8130031BCB9 /* Build configuration list for PBXNativeTarget "Halo2" */ = {
			isa = XCConfigurationList;
			buildConfigurations = (
				65723F2029A7F8130031BCB9 /* Debug */,
				65723F2129A7F8130031BCB9 /* Release */,
			);
			defaultConfigurationIsVisible = 0;
			defaultConfigurationName = Release;
		};
		65723F2229A7F8130031BCB9 /* Build configuration list for PBXNativeTarget "Halo2Tests" */ = {
			isa = XCConfigurationList;
			buildConfigurations = (
				65723F2329A7F8130031BCB9 /* Debug */,
				65723F2429A7F8130031BCB9 /* Release */,
			);
			defaultConfigurationIsVisible = 0;
			defaultConfigurationName = Release;
		};
		65723F2529A7F8130031BCB9 /* Build configuration list for PBXNativeTarget "Halo2UITests" */ = {
			isa = XCConfigurationList;
			buildConfigurations = (
				65723F2629A7F8130031BCB9 /* Debug */,
				65723F2729A7F8130031BCB9 /* Release */,
			);
			defaultConfigurationIsVisible = 0;
			defaultConfigurationName = Release;
		};
/* End XCConfigurationList section */
	};
	rootObject = 65723EF329A7F8120031BCB9 /* Project object */;
}
